// !$*UTF8*$!
{
	archiveVersion = 1;
	classes = {
	};
	objectVersion = 56;
	objects = {

/* Begin PBXBuildFile section */
		9E722FD02C3899CB00FBF25D /* ValorantTeamsXApp.swift in Sources */ = {isa = PBXBuildFile; fileRef = 9E722FCF2C3899CB00FBF25D /* ValorantTeamsXApp.swift */; };
		9E722FD22C3899CB00FBF25D /* HomeView.swift in Sources */ = {isa = PBXBuildFile; fileRef = 9E722FD12C3899CB00FBF25D /* HomeView.swift */; };
		9E722FD42C3899CC00FBF25D /* Assets.xcassets in Resources */ = {isa = PBXBuildFile; fileRef = 9E722FD32C3899CC00FBF25D /* Assets.xcassets */; };
		9E722FD72C3899CC00FBF25D /* Preview Assets.xcassets in Resources */ = {isa = PBXBuildFile; fileRef = 9E722FD62C3899CC00FBF25D /* Preview Assets.xcassets */; };
		9E722FE62C389BA100FBF25D /* TeamSearch.swift in Sources */ = {isa = PBXBuildFile; fileRef = 9E722FE52C389BA100FBF25D /* TeamSearch.swift */; };
/* End PBXBuildFile section */

/* Begin PBXFileReference section */
		9E722FCC2C3899CB00FBF25D /* ValorantTeamsX.app */ = {isa = PBXFileReference; explicitFileType = wrapper.application; includeInIndex = 0; path = ValorantTeamsX.app; sourceTree = BUILT_PRODUCTS_DIR; };
		9E722FCF2C3899CB00FBF25D /* ValorantTeamsXApp.swift */ = {isa = PBXFileReference; lastKnownFileType = sourcecode.swift; path = ValorantTeamsXApp.swift; sourceTree = "<group>"; };
		9E722FD12C3899CB00FBF25D /* HomeView.swift */ = {isa = PBXFileReference; lastKnownFileType = sourcecode.swift; path = HomeView.swift; sourceTree = "<group>"; };
		9E722FD32C3899CC00FBF25D /* Assets.xcassets */ = {isa = PBXFileReference; lastKnownFileType = folder.assetcatalog; path = Assets.xcassets; sourceTree = "<group>"; };
		9E722FD62C3899CC00FBF25D /* Preview Assets.xcassets */ = {isa = PBXFileReference; lastKnownFileType = folder.assetcatalog; path = "Preview Assets.xcassets"; sourceTree = "<group>"; };
		9E722FE02C389A1C00FBF25D /* Config.xcconfig */ = {isa = PBXFileReference; lastKnownFileType = text.xcconfig; path = Config.xcconfig; sourceTree = "<group>"; };
		9E722FE52C389BA100FBF25D /* TeamSearch.swift */ = {isa = PBXFileReference; lastKnownFileType = sourcecode.swift; path = TeamSearch.swift; sourceTree = "<group>"; };
/* End PBXFileReference section */

/* Begin PBXFrameworksBuildPhase section */
		9E722FC92C3899CB00FBF25D /* Frameworks */ = {
			isa = PBXFrameworksBuildPhase;
			buildActionMask = 2147483647;
			files = (
			);
			runOnlyForDeploymentPostprocessing = 0;
		};
/* End PBXFrameworksBuildPhase section */

/* Begin PBXGroup section */
		9E722FC32C3899CB00FBF25D = {
			isa = PBXGroup;
			children = (
				9E722FCE2C3899CB00FBF25D /* ValorantTeamsX */,
				9E722FCD2C3899CB00FBF25D /* Products */,
			);
			sourceTree = "<group>";
		};
		9E722FCD2C3899CB00FBF25D /* Products */ = {
			isa = PBXGroup;
			children = (
				9E722FCC2C3899CB00FBF25D /* ValorantTeamsX.app */,
			);
			name = Products;
			sourceTree = "<group>";
		};
		9E722FCE2C3899CB00FBF25D /* ValorantTeamsX */ = {
			isa = PBXGroup;
			children = (
				9E722FE12C389A6400FBF25D /* Views */,
				9E722FDF2C3899FC00FBF25D /* Models */,
				9E722FDE2C3899F400FBF25D /* ViewModels */,
				9E722FDD2C3899E700FBF25D /* Services */,
				9E722FCF2C3899CB00FBF25D /* ValorantTeamsXApp.swift */,
				9E722FD12C3899CB00FBF25D /* HomeView.swift */,
				9E722FE02C389A1C00FBF25D /* Config.xcconfig */,
				9E722FD32C3899CC00FBF25D /* Assets.xcassets */,
				9E722FD52C3899CC00FBF25D /* Preview Content */,
			);
			path = ValorantTeamsX;
			sourceTree = "<group>";
		};
		9E722FD52C3899CC00FBF25D /* Preview Content */ = {
			isa = PBXGroup;
			children = (
				9E722FD62C3899CC00FBF25D /* Preview Assets.xcassets */,
			);
			path = "Preview Content";
			sourceTree = "<group>";
		};
		9E722FDD2C3899E700FBF25D /* Services */ = {
			isa = PBXGroup;
			children = (
			);
			path = Services;
			sourceTree = "<group>";
		};
		9E722FDE2C3899F400FBF25D /* ViewModels */ = {
			isa = PBXGroup;
			children = (
			);
			path = ViewModels;
			sourceTree = "<group>";
		};
		9E722FDF2C3899FC00FBF25D /* Models */ = {
			isa = PBXGroup;
			children = (
				9E722FE52C389BA100FBF25D /* TeamSearch.swift */,
			);
			path = Models;
			sourceTree = "<group>";
		};
		9E722FE12C389A6400FBF25D /* Views */ = {
			isa = PBXGroup;
			children = (
				9E722FE42C389B8200FBF25D /* Players */,
				9E722FE32C389B7B00FBF25D /* Teams */,
				9E722FE22C389B7400FBF25D /* Onboarding */,
			);
			path = Views;
			sourceTree = "<group>";
		};
		9E722FE22C389B7400FBF25D /* Onboarding */ = {
			isa = PBXGroup;
			children = (
			);
			path = Onboarding;
			sourceTree = "<group>";
		};
		9E722FE32C389B7B00FBF25D /* Teams */ = {
			isa = PBXGroup;
			children = (
			);
			path = Teams;
			sourceTree = "<group>";
		};
		9E722FE42C389B8200FBF25D /* Players */ = {
			isa = PBXGroup;
			children = (
			);
			path = Players;
			sourceTree = "<group>";
		};
/* End PBXGroup section */

/* Begin PBXNativeTarget section */
		9E722FCB2C3899CB00FBF25D /* ValorantTeamsX */ = {
			isa = PBXNativeTarget;
			buildConfigurationList = 9E722FDA2C3899CC00FBF25D /* Build configuration list for PBXNativeTarget "ValorantTeamsX" */;
			buildPhases = (
				9E722FC82C3899CB00FBF25D /* Sources */,
				9E722FC92C3899CB00FBF25D /* Frameworks */,
				9E722FCA2C3899CB00FBF25D /* Resources */,
			);
			buildRules = (
			);
			dependencies = (
			);
			name = ValorantTeamsX;
			productName = ValorantTeamsX;
			productReference = 9E722FCC2C3899CB00FBF25D /* ValorantTeamsX.app */;
			productType = "com.apple.product-type.application";
		};
/* End PBXNativeTarget section */

/* Begin PBXProject section */
		9E722FC42C3899CB00FBF25D /* Project object */ = {
			isa = PBXProject;
			attributes = {
				BuildIndependentTargetsInParallel = 1;
				LastSwiftUpdateCheck = 1540;
				LastUpgradeCheck = 1540;
				TargetAttributes = {
					9E722FCB2C3899CB00FBF25D = {
						CreatedOnToolsVersion = 15.4;
					};
				};
			};
			buildConfigurationList = 9E722FC72C3899CB00FBF25D /* Build configuration list for PBXProject "ValorantTeamsX" */;
			compatibilityVersion = "Xcode 14.0";
			developmentRegion = en;
			hasScannedForEncodings = 0;
			knownRegions = (
				en,
				Base,
			);
			mainGroup = 9E722FC32C3899CB00FBF25D;
			productRefGroup = 9E722FCD2C3899CB00FBF25D /* Products */;
			projectDirPath = "";
			projectRoot = "";
			targets = (
				9E722FCB2C3899CB00FBF25D /* ValorantTeamsX */,
			);
		};
/* End PBXProject section */

/* Begin PBXResourcesBuildPhase section */
		9E722FCA2C3899CB00FBF25D /* Resources */ = {
			isa = PBXResourcesBuildPhase;
			buildActionMask = 2147483647;
			files = (
				9E722FD72C3899CC00FBF25D /* Preview Assets.xcassets in Resources */,
				9E722FD42C3899CC00FBF25D /* Assets.xcassets in Resources */,
			);
			runOnlyForDeploymentPostprocessing = 0;
		};
/* End PBXResourcesBuildPhase section */

/* Begin PBXSourcesBuildPhase section */
		9E722FC82C3899CB00FBF25D /* Sources */ = {
			isa = PBXSourcesBuildPhase;
			buildActionMask = 2147483647;
			files = (
				9E722FD22C3899CB00FBF25D /* HomeView.swift in Sources */,
				9E722FD02C3899CB00FBF25D /* ValorantTeamsXApp.swift in Sources */,
				9E722FE62C389BA100FBF25D /* TeamSearch.swift in Sources */,
			);
			runOnlyForDeploymentPostprocessing = 0;
		};
/* End PBXSourcesBuildPhase section */

/* Begin XCBuildConfiguration section */
		9E722FD82C3899CC00FBF25D /* Debug */ = {
			isa = XCBuildConfiguration;
			buildSettings = {
				ALWAYS_SEARCH_USER_PATHS = NO;
				ASSETCATALOG_COMPILER_GENERATE_SWIFT_ASSET_SYMBOL_EXTENSIONS = YES;
				CLANG_ANALYZER_NONNULL = YES;
				CLANG_ANALYZER_NUMBER_OBJECT_CONVERSION = YES_AGGRESSIVE;
				CLANG_CXX_LANGUAGE_STANDARD = "gnu++20";
				CLANG_ENABLE_MODULES = YES;
				CLANG_ENABLE_OBJC_ARC = YES;
				CLANG_ENABLE_OBJC_WEAK = YES;
				CLANG_WARN_BLOCK_CAPTURE_AUTORELEASING = YES;
				CLANG_WARN_BOOL_CONVERSION = YES;
				CLANG_WARN_COMMA = YES;
				CLANG_WARN_CONSTANT_CONVERSION = YES;
				CLANG_WARN_DEPRECATED_OBJC_IMPLEMENTATIONS = YES;
				CLANG_WARN_DIRECT_OBJC_ISA_USAGE = YES_ERROR;
				CLANG_WARN_DOCUMENTATION_COMMENTS = YES;
				CLANG_WARN_EMPTY_BODY = YES;
				CLANG_WARN_ENUM_CONVERSION = YES;
				CLANG_WARN_INFINITE_RECURSION = YES;
				CLANG_WARN_INT_CONVERSION = YES;
				CLANG_WARN_NON_LITERAL_NULL_CONVERSION = YES;
				CLANG_WARN_OBJC_IMPLICIT_RETAIN_SELF = YES;
				CLANG_WARN_OBJC_LITERAL_CONVERSION = YES;
				CLANG_WARN_OBJC_ROOT_CLASS = YES_ERROR;
				CLANG_WARN_QUOTED_INCLUDE_IN_FRAMEWORK_HEADER = YES;
				CLANG_WARN_RANGE_LOOP_ANALYSIS = YES;
				CLANG_WARN_STRICT_PROTOTYPES = YES;
				CLANG_WARN_SUSPICIOUS_MOVE = YES;
				CLANG_WARN_UNGUARDED_AVAILABILITY = YES_AGGRESSIVE;
				CLANG_WARN_UNREACHABLE_CODE = YES;
				CLANG_WARN__DUPLICATE_METHOD_MATCH = YES;
				COPY_PHASE_STRIP = NO;
				DEBUG_INFORMATION_FORMAT = dwarf;
				ENABLE_STRICT_OBJC_MSGSEND = YES;
				ENABLE_TESTABILITY = YES;
				ENABLE_USER_SCRIPT_SANDBOXING = YES;
				GCC_C_LANGUAGE_STANDARD = gnu17;
				GCC_DYNAMIC_NO_PIC = NO;
				GCC_NO_COMMON_BLOCKS = YES;
				GCC_OPTIMIZATION_LEVEL = 0;
				GCC_PREPROCESSOR_DEFINITIONS = (
					"DEBUG=1",
					"$(inherited)",
				);
				GCC_WARN_64_TO_32_BIT_CONVERSION = YES;
				GCC_WARN_ABOUT_RETURN_TYPE = YES_ERROR;
				GCC_WARN_UNDECLARED_SELECTOR = YES;
				GCC_WARN_UNINITIALIZED_AUTOS = YES_AGGRESSIVE;
				GCC_WARN_UNUSED_FUNCTION = YES;
				GCC_WARN_UNUSED_VARIABLE = YES;
				IPHONEOS_DEPLOYMENT_TARGET = 17.5;
				LOCALIZATION_PREFERS_STRING_CATALOGS = YES;
				MTL_ENABLE_DEBUG_INFO = INCLUDE_SOURCE;
				MTL_FAST_MATH = YES;
				ONLY_ACTIVE_ARCH = YES;
				SDKROOT = iphoneos;
				SWIFT_ACTIVE_COMPILATION_CONDITIONS = "DEBUG $(inherited)";
				SWIFT_OPTIMIZATION_LEVEL = "-Onone";
			};
			name = Debug;
		};
		9E722FD92C3899CC00FBF25D /* Release */ = {
			isa = XCBuildConfiguration;
			buildSettings = {
				ALWAYS_SEARCH_USER_PATHS = NO;
				ASSETCATALOG_COMPILER_GENERATE_SWIFT_ASSET_SYMBOL_EXTENSIONS = YES;
				CLANG_ANALYZER_NONNULL = YES;
				CLANG_ANALYZER_NUMBER_OBJECT_CONVERSION = YES_AGGRESSIVE;
				CLANG_CXX_LANGUAGE_STANDARD = "gnu++20";
				CLANG_ENABLE_MODULES = YES;
				CLANG_ENABLE_OBJC_ARC = YES;
				CLANG_ENABLE_OBJC_WEAK = YES;
				CLANG_WARN_BLOCK_CAPTURE_AUTORELEASING = YES;
				CLANG_WARN_BOOL_CONVERSION = YES;
				CLANG_WARN_COMMA = YES;
				CLANG_WARN_CONSTANT_CONVERSION = YES;
				CLANG_WARN_DEPRECATED_OBJC_IMPLEMENTATIONS = YES;
				CLANG_WARN_DIRECT_OBJC_ISA_USAGE = YES_ERROR;
				CLANG_WARN_DOCUMENTATION_COMMENTS = YES;
				CLANG_WARN_EMPTY_BODY = YES;
				CLANG_WARN_ENUM_CONVERSION = YES;
				CLANG_WARN_INFINITE_RECURSION = YES;
				CLANG_WARN_INT_CONVERSION = YES;
				CLANG_WARN_NON_LITERAL_NULL_CONVERSION = YES;
				CLANG_WARN_OBJC_IMPLICIT_RETAIN_SELF = YES;
				CLANG_WARN_OBJC_LITERAL_CONVERSION = YES;
				CLANG_WARN_OBJC_ROOT_CLASS = YES_ERROR;
				CLANG_WARN_QUOTED_INCLUDE_IN_FRAMEWORK_HEADER = YES;
				CLANG_WARN_RANGE_LOOP_ANALYSIS = YES;
				CLANG_WARN_STRICT_PROTOTYPES = YES;
				CLANG_WARN_SUSPICIOUS_MOVE = YES;
				CLANG_WARN_UNGUARDED_AVAILABILITY = YES_AGGRESSIVE;
				CLANG_WARN_UNREACHABLE_CODE = YES;
				CLANG_WARN__DUPLICATE_METHOD_MATCH = YES;
				COPY_PHASE_STRIP = NO;
				DEBUG_INFORMATION_FORMAT = "dwarf-with-dsym";
				ENABLE_NS_ASSERTIONS = NO;
				ENABLE_STRICT_OBJC_MSGSEND = YES;
				ENABLE_USER_SCRIPT_SANDBOXING = YES;
				GCC_C_LANGUAGE_STANDARD = gnu17;
				GCC_NO_COMMON_BLOCKS = YES;
				GCC_WARN_64_TO_32_BIT_CONVERSION = YES;
				GCC_WARN_ABOUT_RETURN_TYPE = YES_ERROR;
				GCC_WARN_UNDECLARED_SELECTOR = YES;
				GCC_WARN_UNINITIALIZED_AUTOS = YES_AGGRESSIVE;
				GCC_WARN_UNUSED_FUNCTION = YES;
				GCC_WARN_UNUSED_VARIABLE = YES;
				IPHONEOS_DEPLOYMENT_TARGET = 17.5;
				LOCALIZATION_PREFERS_STRING_CATALOGS = YES;
				MTL_ENABLE_DEBUG_INFO = NO;
				MTL_FAST_MATH = YES;
				SDKROOT = iphoneos;
				SWIFT_COMPILATION_MODE = wholemodule;
				VALIDATE_PRODUCT = YES;
			};
			name = Release;
		};
		9E722FDB2C3899CC00FBF25D /* Debug */ = {
			isa = XCBuildConfiguration;
			buildSettings = {
				ASSETCATALOG_COMPILER_APPICON_NAME = AppIcon;
				ASSETCATALOG_COMPILER_GLOBAL_ACCENT_COLOR_NAME = AccentColor;
				CODE_SIGN_STYLE = Automatic;
				CURRENT_PROJECT_VERSION = 1;
				DEVELOPMENT_ASSET_PATHS = "\"ValorantTeamsX/Preview Content\"";
				DEVELOPMENT_TEAM = LTW8V26RS8;
				ENABLE_PREVIEWS = YES;
				GENERATE_INFOPLIST_FILE = YES;
				INFOPLIST_KEY_UIApplicationSceneManifest_Generation = YES;
				INFOPLIST_KEY_UIApplicationSupportsIndirectInputEvents = YES;
				INFOPLIST_KEY_UILaunchScreen_Generation = YES;
				INFOPLIST_KEY_UISupportedInterfaceOrientations_iPad = "UIInterfaceOrientationPortrait UIInterfaceOrientationPortraitUpsideDown UIInterfaceOrientationLandscapeLeft UIInterfaceOrientationLandscapeRight";
				INFOPLIST_KEY_UISupportedInterfaceOrientations_iPhone = "UIInterfaceOrientationPortrait UIInterfaceOrientationLandscapeLeft UIInterfaceOrientationLandscapeRight";
				LD_RUNPATH_SEARCH_PATHS = (
					"$(inherited)",
					"@executable_path/Frameworks",
				);
				MARKETING_VERSION = 1.0;
				PRODUCT_BUNDLE_IDENTIFIER = com.tauantcamargo.ValorantTeamsX;
				PRODUCT_NAME = "$(TARGET_NAME)";
				SWIFT_EMIT_LOC_STRINGS = YES;
				SWIFT_VERSION = 5.0;
				TARGETED_DEVICE_FAMILY = "1,2";
			};
			name = Debug;
		};
		9E722FDC2C3899CC00FBF25D /* Release */ = {
			isa = XCBuildConfiguration;
			buildSettings = {
				ASSETCATALOG_COMPILER_APPICON_NAME = AppIcon;
				ASSETCATALOG_COMPILER_GLOBAL_ACCENT_COLOR_NAME = AccentColor;
				CODE_SIGN_STYLE = Automatic;
				CURRENT_PROJECT_VERSION = 1;
				DEVELOPMENT_ASSET_PATHS = "\"ValorantTeamsX/Preview Content\"";
				DEVELOPMENT_TEAM = LTW8V26RS8;
				ENABLE_PREVIEWS = YES;
				GENERATE_INFOPLIST_FILE = YES;
				INFOPLIST_KEY_UIApplicationSceneManifest_Generation = YES;
				INFOPLIST_KEY_UIApplicationSupportsIndirectInputEvents = YES;
				INFOPLIST_KEY_UILaunchScreen_Generation = YES;
				INFOPLIST_KEY_UISupportedInterfaceOrientations_iPad = "UIInterfaceOrientationPortrait UIInterfaceOrientationPortraitUpsideDown UIInterfaceOrientationLandscapeLeft UIInterfaceOrientationLandscapeRight";
				INFOPLIST_KEY_UISupportedInterfaceOrientations_iPhone = "UIInterfaceOrientationPortrait UIInterfaceOrientationLandscapeLeft UIInterfaceOrientationLandscapeRight";
				LD_RUNPATH_SEARCH_PATHS = (
					"$(inherited)",
					"@executable_path/Frameworks",
				);
				MARKETING_VERSION = 1.0;
				PRODUCT_BUNDLE_IDENTIFIER = com.tauantcamargo.ValorantTeamsX;
				PRODUCT_NAME = "$(TARGET_NAME)";
				SWIFT_EMIT_LOC_STRINGS = YES;
				SWIFT_VERSION = 5.0;
				TARGETED_DEVICE_FAMILY = "1,2";
			};
			name = Release;
		};
/* End XCBuildConfiguration section */

/* Begin XCConfigurationList section */
		9E722FC72C3899CB00FBF25D /* Build configuration list for PBXProject "ValorantTeamsX" */ = {
			isa = XCConfigurationList;
			buildConfigurations = (
				9E722FD82C3899CC00FBF25D /* Debug */,
				9E722FD92C3899CC00FBF25D /* Release */,
			);
			defaultConfigurationIsVisible = 0;
			defaultConfigurationName = Release;
		};
		9E722FDA2C3899CC00FBF25D /* Build configuration list for PBXNativeTarget "ValorantTeamsX" */ = {
			isa = XCConfigurationList;
			buildConfigurations = (
				9E722FDB2C3899CC00FBF25D /* Debug */,
				9E722FDC2C3899CC00FBF25D /* Release */,
			);
			defaultConfigurationIsVisible = 0;
			defaultConfigurationName = Release;
		};
/* End XCConfigurationList section */
	};
	rootObject = 9E722FC42C3899CB00FBF25D /* Project object */;
}
